
Microsoft Visual Studio Solution File, Format Version 12.00
# Visual Studio Version 17
VisualStudioVersion = 17.2.32519.379
MinimumVisualStudioVersion = 10.0.40219.1
Project("{FAE04EC0-301F-11D3-BF4B-00C04F79EFBC}") = "SnakeAndLadder", "SnakeAndLadder\SnakeAndLadder.csproj", "{7163CF40-079D-48F4-B392-C9EB5E1BEBEF}"
EndProject
Global
	GlobalSection(SolutionConfigurationPlatforms) = preSolution
		Debug|Any CPU = Debug|Any CPU
		Release|Any CPU = Release|Any CPU
	EndGlobalSection
	GlobalSection(ProjectConfigurationPlatforms) = postSolution
		{7163CF40-079D-48F4-B392-C9EB5E1BEBEF}.Debug|Any CPU.ActiveCfg = Debug|Any CPU
		{7163CF40-079D-48F4-B392-C9EB5E1BEBEF}.Debug|Any CPU.Build.0 = Debug|Any CPU
		{7163CF40-079D-48F4-B392-C9EB5E1BEBEF}.Release|Any CPU.ActiveCfg = Release|Any CPU
		{7163CF40-079D-48F4-B392-C9EB5E1BEBEF}.Release|Any CPU.Build.0 = Release|Any CPU
	EndGlobalSection
	GlobalSection(SolutionProperties) = preSolution
		HideSolutionNode = FALSE
	EndGlobalSection
	GlobalSection(ExtensibilityGlobals) = postSolution
		SolutionGuid = {4CC4C7B7-C606-4FC4-8CB3-5E066FEB9761}
	EndGlobalSection
EndGlobal
